
Microsoft Visual Studio Solution File, Format Version 12.00
# Visual Studio Version 16
VisualStudioVersion = 16.0.30413.136
MinimumVisualStudioVersion = 10.0.40219.1
Project("{FAE04EC0-301F-11D3-BF4B-00C04F79EFBC}") = "01Ismetles", "01Ismetles\01Ismetles.csproj", "{CDCE8786-79AB-4866-85DB-12CA7CC229F1}"
EndProject
Global
	GlobalSection(SolutionConfigurationPlatforms) = preSolution
		Debug|Any CPU = Debug|Any CPU
		Release|Any CPU = Release|Any CPU
	EndGlobalSection
	GlobalSection(ProjectConfigurationPlatforms) = postSolution
		{CDCE8786-79AB-4866-85DB-12CA7CC229F1}.Debug|Any CPU.ActiveCfg = Debug|Any CPU
		{CDCE8786-79AB-4866-85DB-12CA7CC229F1}.Debug|Any CPU.Build.0 = Debug|Any CPU
		{CDCE8786-79AB-4866-85DB-12CA7CC229F1}.Release|Any CPU.ActiveCfg = Release|Any CPU
		{CDCE8786-79AB-4866-85DB-12CA7CC229F1}.Release|Any CPU.Build.0 = Release|Any CPU
	EndGlobalSection
	GlobalSection(SolutionProperties) = preSolution
		HideSolutionNode = FALSE
	EndGlobalSection
	GlobalSection(ExtensibilityGlobals) = postSolution
		SolutionGuid = {AA916457-95FA-4646-B682-A436587FABE3}
	EndGlobalSection
EndGlobal
